
Microsoft Visual Studio Solution File, Format Version 12.00
# Visual Studio Version 16
VisualStudioVersion = 16.0.31205.134
MinimumVisualStudioVersion = 10.0.40219.1
Project("{9A19103F-16F7-4668-BE54-9A1E7A4F7556}") = "DataAccess", "DataAccess\DataAccess.csproj", "{28C152A8-7B6E-410A-B2B8-B19250C04959}"
EndProject
Project("{9A19103F-16F7-4668-BE54-9A1E7A4F7556}") = "Entities", "Entities\Entities.csproj", "{7176CBA7-7DC6-4D6D-B653-FB84C212EEFD}"
EndProject
Project("{9A19103F-16F7-4668-BE54-9A1E7A4F7556}") = "Business", "Business\Business.csproj", "{DC15AABF-E80E-457D-A12D-A474B93F1C35}"
EndProject
Project("{9A19103F-16F7-4668-BE54-9A1E7A4F7556}") = "Core", "Core\Core.csproj", "{61D4EAF9-DB62-4D44-95EF-64D547732467}"
EndProject
Project("{9A19103F-16F7-4668-BE54-9A1E7A4F7556}") = "WebAPI", "WebAPI\WebAPI.csproj", "{E42A397A-6A74-488C-A7AE-7CA35CDC5866}"
EndProject
Global
	GlobalSection(SolutionConfigurationPlatforms) = preSolution
		Debug|Any CPU = Debug|Any CPU
		Release|Any CPU = Release|Any CPU
	EndGlobalSection
	GlobalSection(ProjectConfigurationPlatforms) = postSolution
		{28C152A8-7B6E-410A-B2B8-B19250C04959}.Debug|Any CPU.ActiveCfg = Debug|Any CPU
		{28C152A8-7B6E-410A-B2B8-B19250C04959}.Debug|Any CPU.Build.0 = Debug|Any CPU
		{28C152A8-7B6E-410A-B2B8-B19250C04959}.Release|Any CPU.ActiveCfg = Release|Any CPU
		{28C152A8-7B6E-410A-B2B8-B19250C04959}.Release|Any CPU.Build.0 = Release|Any CPU
		{7176CBA7-7DC6-4D6D-B653-FB84C212EEFD}.Debug|Any CPU.ActiveCfg = Debug|Any CPU
		{7176CBA7-7DC6-4D6D-B653-FB84C212EEFD}.Debug|Any CPU.Build.0 = Debug|Any CPU
		{7176CBA7-7DC6-4D6D-B653-FB84C212EEFD}.Release|Any CPU.ActiveCfg = Release|Any CPU
		{7176CBA7-7DC6-4D6D-B653-FB84C212EEFD}.Release|Any CPU.Build.0 = Release|Any CPU
		{DC15AABF-E80E-457D-A12D-A474B93F1C35}.Debug|Any CPU.ActiveCfg = Debug|Any CPU
		{DC15AABF-E80E-457D-A12D-A474B93F1C35}.Debug|Any CPU.Build.0 = Debug|Any CPU
		{DC15AABF-E80E-457D-A12D-A474B93F1C35}.Release|Any CPU.ActiveCfg = Release|Any CPU
		{DC15AABF-E80E-457D-A12D-A474B93F1C35}.Release|Any CPU.Build.0 = Release|Any CPU
		{61D4EAF9-DB62-4D44-95EF-64D547732467}.Debug|Any CPU.ActiveCfg = Debug|Any CPU
		{61D4EAF9-DB62-4D44-95EF-64D547732467}.Debug|Any CPU.Build.0 = Debug|Any CPU
		{61D4EAF9-DB62-4D44-95EF-64D547732467}.Release|Any CPU.ActiveCfg = Release|Any CPU
		{61D4EAF9-DB62-4D44-95EF-64D547732467}.Release|Any CPU.Build.0 = Release|Any CPU
		{E42A397A-6A74-488C-A7AE-7CA35CDC5866}.Debug|Any CPU.ActiveCfg = Debug|Any CPU
		{E42A397A-6A74-488C-A7AE-7CA35CDC5866}.Debug|Any CPU.Build.0 = Debug|Any CPU
		{E42A397A-6A74-488C-A7AE-7CA35CDC5866}.Release|Any CPU.ActiveCfg = Release|Any CPU
		{E42A397A-6A74-488C-A7AE-7CA35CDC5866}.Release|Any CPU.Build.0 = Release|Any CPU
	EndGlobalSection
	GlobalSection(SolutionProperties) = preSolution
		HideSolutionNode = FALSE
	EndGlobalSection
	GlobalSection(ExtensibilityGlobals) = postSolution
		SolutionGuid = {F07A3877-9499-449E-B416-F8D687530D41}
	EndGlobalSection
EndGlobal
